
Microsoft Visual Studio Solution File, Format Version 12.00
# Visual Studio Version 16
VisualStudioVersion = 16.0.32228.343
MinimumVisualStudioVersion = 10.0.40219.1
Project("{FAE04EC0-301F-11D3-BF4B-00C04F79EFBC}") = "TinyMemFS", "TinyMemFS\TinyMemFS.csproj", "{E09AB60F-1A27-4288-A2C7-94BA2637B400}"
EndProject
Global
	GlobalSection(SolutionConfigurationPlatforms) = preSolution
		Debug|Any CPU = Debug|Any CPU
		Release|Any CPU = Release|Any CPU
	EndGlobalSection
	GlobalSection(ProjectConfigurationPlatforms) = postSolution
		{E09AB60F-1A27-4288-A2C7-94BA2637B400}.Debug|Any CPU.ActiveCfg = Debug|Any CPU
		{E09AB60F-1A27-4288-A2C7-94BA2637B400}.Debug|Any CPU.Build.0 = Debug|Any CPU
		{E09AB60F-1A27-4288-A2C7-94BA2637B400}.Release|Any CPU.ActiveCfg = Release|Any CPU
		{E09AB60F-1A27-4288-A2C7-94BA2637B400}.Release|Any CPU.Build.0 = Release|Any CPU
	EndGlobalSection
	GlobalSection(SolutionProperties) = preSolution
		HideSolutionNode = FALSE
	EndGlobalSection
	GlobalSection(ExtensibilityGlobals) = postSolution
		SolutionGuid = {C2E0761B-EE05-494F-A87C-43F1FCA960B1}
	EndGlobalSection
EndGlobal
